// !$*UTF8*$!
{
	archiveVersion = 1;
	classes = {
	};
	objectVersion = 56;
	objects = {

/* Begin PBXBuildFile section */
		/* App target — Sources (app_mac only) */
		2001000000000000000000AA /* main.m in Sources */ = {isa = PBXBuildFile; fileRef = 1001000000000000000000AA /* main.m */; };
		2003000000000000000000AA /* AppDelegate.m in Sources */ = {isa = PBXBuildFile; fileRef = 1003000000000000000000AA /* AppDelegate.m */; };
		2005000000000000000000AA /* MainWindowController.m in Sources */ = {isa = PBXBuildFile; fileRef = 1005000000000000000000AA /* MainWindowController.m */; };
		2007000000000000000000AA /* ui.m in Sources */ = {isa = PBXBuildFile; fileRef = 1007000000000000000000AA /* ui.m */; };
		2008000000000000000000AA /* EventLogWindow.m in Sources */ = {isa = PBXBuildFile; fileRef = 1050000000000000000000AA /* EventLogWindow.m */; };
		2009000000000000000000AA /* headless.m in Sources */ = {isa = PBXBuildFile; fileRef = 1052000000000000000000AA /* headless.m */; };
		/* App target — Frameworks */
		4001000000000000000000AA /* Cocoa.framework in Frameworks */ = {isa = PBXBuildFile; fileRef = 3001000000000000000000AA /* Cocoa.framework */; };
		4002000000000000000000AA /* WebKit.framework in Frameworks */ = {isa = PBXBuildFile; fileRef = 3002000000000000000000AA /* WebKit.framework */; };
		4003000000000000000000AA /* Virtualization.framework in Frameworks */ = {isa = PBXBuildFile; fileRef = 3003000000000000000000AA /* Virtualization.framework */; };
		4010000000000000000000BB /* AppSandboxCore.framework in Frameworks */ = {isa = PBXBuildFile; fileRef = C002000000000000000000BB /* AppSandboxCore.framework */; };
		/* App target — Resources */
		6003000000000000000000AA /* web in Resources */ = {isa = PBXBuildFile; fileRef = 5003000000000000000000AA /* web */; };
		6004000000000000000000AA /* Assets.xcassets in Resources */ = {isa = PBXBuildFile; fileRef = 5004000000000000000000AA /* Assets.xcassets */; };
		/* App target — Embed Frameworks */
		6010000000000000000000BB /* AppSandboxCore.framework in Embed Frameworks */ = {isa = PBXBuildFile; fileRef = C002000000000000000000BB /* AppSandboxCore.framework */; settings = {ATTRIBUTES = (CodeSignOnCopy, RemoveHeadersOnCopy, ); }; };
		/* Framework target — Sources (backend_mac) */
		2028000000000000000000BB /* asb_core_mac.m in Sources */ = {isa = PBXBuildFile; fileRef = 1019000000000000000000AA /* asb_core_mac.m */; };
		2021000000000000000000BB /* host_info.m in Sources */ = {isa = PBXBuildFile; fileRef = 100A000000000000000000AA /* host_info.m */; };
		2022000000000000000000BB /* vm_dir.m in Sources */ = {isa = PBXBuildFile; fileRef = 100C000000000000000000AA /* vm_dir.m */; };
		2024000000000000000000BB /* vz_display.m in Sources */ = {isa = PBXBuildFile; fileRef = 1010000000000000000000AA /* vz_display.m */; };
		2026000000000000000000BB /* vz_network.m in Sources */ = {isa = PBXBuildFile; fileRef = 1014000000000000000000AA /* vz_network.m */; };
		2027000000000000000000BB /* vz_vm.m in Sources */ = {isa = PBXBuildFile; fileRef = 1016000000000000000000AA /* vz_vm.m */; };
		2029000000000000000000BB /* vm_agent_mac.m in Sources */ = {isa = PBXBuildFile; fileRef = 101C000000000000000000AA /* vm_agent_mac.m */; };
		2030000000000000000000BB /* iso_patch_mac.m in Sources */ = {isa = PBXBuildFile; fileRef = 101E000000000000000000AA /* iso_patch_mac.m */; };
		2031000000000000000000BB /* vm_ssh_proxy_mac.m in Sources */ = {isa = PBXBuildFile; fileRef = 1020000000000000000000AA /* vm_ssh_proxy_mac.m */; };
		2032000000000000000000BB /* vm_clipboard_mac.m in Sources */ = {isa = PBXBuildFile; fileRef = 1022000000000000000000AA /* vm_clipboard_mac.m */; };
		2060000000000000000000BB /* asb_ivshmem_transport.m in Sources */ = {isa = PBXBuildFile; fileRef = 1060000000000000000000AA /* asb_ivshmem_transport.m */; };
		2061000000000000000000BB /* qemu_vm.m in Sources */ = {isa = PBXBuildFile; fileRef = 1062000000000000000000AA /* qemu_vm.m */; };
		2064000000000000000000BB /* idd_display.m in Sources */ = {isa = PBXBuildFile; fileRef = 1064000000000000000000AA /* idd_display.m */; };
		/* appsandbox-clipboard CLI target */
		2040000000000000000000EE /* appsandbox-clipboard.m in Sources */ = {isa = PBXBuildFile; fileRef = 1040000000000000000000EE /* appsandbox-clipboard.m */; };
		4040000000000000000000EE /* Foundation.framework in Frameworks */ = {isa = PBXBuildFile; fileRef = 3006000000000000000000AA /* Foundation.framework */; };
		4041000000000000000000EE /* Cocoa.framework in Frameworks */ = {isa = PBXBuildFile; fileRef = 3001000000000000000000AA /* Cocoa.framework */; };
		6034000000000000000000DD /* appsandbox-clipboard in Embed agent_mac */ = {isa = PBXBuildFile; fileRef = C040000000000000000000EE /* appsandbox-clipboard */; settings = {ATTRIBUTES = (CodeSignOnCopy, ); }; };
		6035000000000000000000DD /* com.appsandbox.clipboard.plist in Embed agent_mac */ = {isa = PBXBuildFile; fileRef = 1034000000000000000000DD /* com.appsandbox.clipboard.plist */; };
		/* iso-patch-mac CLI target */
		2020000000000000000000CC /* iso-patch-mac.m in Sources */ = {isa = PBXBuildFile; fileRef = 1020000000000000000000CC /* iso-patch-mac.m */; };
		20E100000000000000000001 /* win_disk.c in Sources */ = {isa = PBXBuildFile; fileRef = 10E100000000000000000001 /* win_disk.c */; };
		20E100000000000000000002 /* blockio.c in Sources */ = {isa = PBXBuildFile; fileRef = 10E100000000000000000002 /* blockio.c */; };
		20E100000000000000000003 /* gpt.c in Sources */ = {isa = PBXBuildFile; fileRef = 10E100000000000000000003 /* gpt.c */; };
		20E100000000000000000004 /* ntfs.c in Sources */ = {isa = PBXBuildFile; fileRef = 10E100000000000000000004 /* ntfs.c */; };
		20E100000000000000000005 /* fat32.c in Sources */ = {isa = PBXBuildFile; fileRef = 10E100000000000000000005 /* fat32.c */; };
		20E100000000000000000006 /* bcd_patch.c in Sources */ = {isa = PBXBuildFile; fileRef = 10E100000000000000000006 /* bcd_patch.c */; };
		20E100000000000000000007 /* wim.c in Sources */ = {isa = PBXBuildFile; fileRef = 10E100000000000000000007 /* wim.c */; };
		20E100000000000000000008 /* wimimg.c in Sources */ = {isa = PBXBuildFile; fileRef = 10E100000000000000000008 /* wimimg.c */; };
		20E100000000000000000009 /* sha1.c in Sources */ = {isa = PBXBuildFile; fileRef = 10E100000000000000000009 /* sha1.c */; };
		20E10000000000000000000A /* lzx.c in Sources */ = {isa = PBXBuildFile; fileRef = 10E10000000000000000000A /* lzx.c */; };
		20E10000000000000000000B /* xpress.c in Sources */ = {isa = PBXBuildFile; fileRef = 10E10000000000000000000B /* xpress.c */; };
		20E10000000000000000000C /* lzms.c in Sources */ = {isa = PBXBuildFile; fileRef = 10E10000000000000000000C /* lzms.c */; };
		20E10000000000000000000D /* resource.c in Sources */ = {isa = PBXBuildFile; fileRef = 10E10000000000000000000D /* resource.c */; };
		20E1000000000000000000C1 /* win_provision.c in Sources */ = {isa = PBXBuildFile; fileRef = 10E1000000000000000000C1 /* win_provision.c */; };
		20E1000000000000000000C2 /* win_provision.c in Sources */ = {isa = PBXBuildFile; fileRef = 10E1000000000000000000C1 /* win_provision.c */; };
		20E2000000000000000000D1 /* mac_account_hash.m in Sources */ = {isa = PBXBuildFile; fileRef = 10E2000000000000000000D1 /* mac_account_hash.m */; };
		20E2000000000000000000D2 /* mac_account_hash.m in Sources */ = {isa = PBXBuildFile; fileRef = 10E2000000000000000000D1 /* mac_account_hash.m */; };
		4020000000000000000000CC /* Foundation.framework in Frameworks */ = {isa = PBXBuildFile; fileRef = 3006000000000000000000AA /* Foundation.framework */; };
		4021000000000000000000CC /* Virtualization.framework in Frameworks */ = {isa = PBXBuildFile; fileRef = 3003000000000000000000AA /* Virtualization.framework */; };
		6020000000000000000000CC /* iso-patch-mac in Embed Resources */ = {isa = PBXBuildFile; fileRef = C020000000000000000000CC /* iso-patch-mac */; settings = {ATTRIBUTES = (CodeSignOnCopy, ); }; };
		/* appsandbox-agent CLI target */
		2030000000000000000000DD /* appsandbox-agent.m in Sources */ = {isa = PBXBuildFile; fileRef = 1030000000000000000000DD /* appsandbox-agent.m */; };
		4030000000000000000000DD /* Foundation.framework in Frameworks */ = {isa = PBXBuildFile; fileRef = 3006000000000000000000AA /* Foundation.framework */; };
		6030000000000000000000DD /* appsandbox-agent in Embed agent_mac */ = {isa = PBXBuildFile; fileRef = C030000000000000000000DD /* appsandbox-agent */; settings = {ATTRIBUTES = (CodeSignOnCopy, ); }; };
		6031000000000000000000DD /* com.appsandbox.agent.plist in Embed agent_mac */ = {isa = PBXBuildFile; fileRef = 1031000000000000000000DD /* com.appsandbox.agent.plist */; };
		6032000000000000000000DD /* com.appsandbox.firstboot.plist in Embed agent_mac */ = {isa = PBXBuildFile; fileRef = 1032000000000000000000DD /* com.appsandbox.firstboot.plist */; };
		6033000000000000000000DD /* firstboot.sh in Embed agent_mac */ = {isa = PBXBuildFile; fileRef = 1033000000000000000000DD /* firstboot.sh */; };
		/* Framework target — Frameworks */
		4011000000000000000000BB /* Cocoa.framework in Frameworks */ = {isa = PBXBuildFile; fileRef = 3001000000000000000000AA /* Cocoa.framework */; };
		4016000000000000000000BB /* Carbon.framework in Frameworks */ = {isa = PBXBuildFile; fileRef = 3016000000000000000000BB /* Carbon.framework */; };
		4012000000000000000000BB /* Virtualization.framework in Frameworks */ = {isa = PBXBuildFile; fileRef = 3003000000000000000000AA /* Virtualization.framework */; };
		4013000000000000000000BB /* Metal.framework in Frameworks */ = {isa = PBXBuildFile; fileRef = 3004000000000000000000AA /* Metal.framework */; };
		4014000000000000000000BB /* Security.framework in Frameworks */ = {isa = PBXBuildFile; fileRef = 3005000000000000000000AA /* Security.framework */; };
		4015000000000000000000BB /* AudioToolbox.framework in Frameworks */ = {isa = PBXBuildFile; fileRef = 3007000000000000000000AA /* AudioToolbox.framework */; };
		/* Framework target — Headers (public) */
		6012000000000000000000BB /* asb_types.h in Headers */ = {isa = PBXBuildFile; fileRef = 1018000000000000000000AA /* asb_types.h */; settings = {ATTRIBUTES = (Public, ); }; };
/* End PBXBuildFile section */

/* Begin PBXContainerItemProxy section */
		D002000000000000000000BB /* PBXContainerItemProxy */ = {
			isa = PBXContainerItemProxy;
			containerPortal = B001000000000000000000AA /* Project object */;
			proxyType = 1;
			remoteGlobalIDString = 8010000000000000000000BB;
			remoteInfo = AppSandboxCore;
		};
		D020000000000000000000CC /* PBXContainerItemProxy */ = {
			isa = PBXContainerItemProxy;
			containerPortal = B001000000000000000000AA /* Project object */;
			proxyType = 1;
			remoteGlobalIDString = 8020000000000000000000CC;
			remoteInfo = "iso-patch-mac";
		};
		D030000000000000000000DD /* PBXContainerItemProxy */ = {
			isa = PBXContainerItemProxy;
			containerPortal = B001000000000000000000AA /* Project object */;
			proxyType = 1;
			remoteGlobalIDString = 8030000000000000000000DD;
			remoteInfo = "appsandbox-agent";
		};
		D040000000000000000000EE /* PBXContainerItemProxy */ = {
			isa = PBXContainerItemProxy;
			containerPortal = B001000000000000000000AA /* Project object */;
			proxyType = 1;
			remoteGlobalIDString = 8040000000000000000000EE;
			remoteInfo = "appsandbox-clipboard";
		};
/* End PBXContainerItemProxy section */

/* Begin PBXCopyFilesBuildPhase section */
		A004000000000000000000BB /* Embed Frameworks */ = {
			isa = PBXCopyFilesBuildPhase;
			buildActionMask = 2147483647;
			dstPath = "";
			dstSubfolderSpec = 10;
			files = (
				6010000000000000000000BB /* AppSandboxCore.framework in Embed Frameworks */,
			);
			name = "Embed Frameworks";
			runOnlyForDeploymentPostprocessing = 0;
		};
		A022000000000000000000CC /* Embed iso-patch-mac */ = {
			isa = PBXCopyFilesBuildPhase;
			buildActionMask = 2147483647;
			dstPath = "";
			dstSubfolderSpec = 7;
			files = (
				6020000000000000000000CC /* iso-patch-mac in Embed Resources */,
			);
			name = "Embed iso-patch-mac";
			runOnlyForDeploymentPostprocessing = 0;
		};
		A032000000000000000000DD /* Embed agent_mac */ = {
			isa = PBXCopyFilesBuildPhase;
			buildActionMask = 2147483647;
			dstPath = agent_mac;
			dstSubfolderSpec = 7;
			files = (
				6030000000000000000000DD /* appsandbox-agent in Embed agent_mac */,
				6031000000000000000000DD /* com.appsandbox.agent.plist in Embed agent_mac */,
				6032000000000000000000DD /* com.appsandbox.firstboot.plist in Embed agent_mac */,
				6033000000000000000000DD /* firstboot.sh in Embed agent_mac */,
				6034000000000000000000DD /* appsandbox-clipboard in Embed agent_mac */,
				6035000000000000000000DD /* com.appsandbox.clipboard.plist in Embed agent_mac */,
			);
			name = "Embed agent_mac";
			runOnlyForDeploymentPostprocessing = 0;
		};
/* End PBXCopyFilesBuildPhase section */

/* Begin PBXFileReference section */
		1001000000000000000000AA /* main.m */ = {isa = PBXFileReference; lastKnownFileType = sourcecode.c.objc; path = main.m; sourceTree = "<group>"; };
		1002000000000000000000AA /* AppDelegate.h */ = {isa = PBXFileReference; lastKnownFileType = sourcecode.c.h; path = AppDelegate.h; sourceTree = "<group>"; };
		1003000000000000000000AA /* AppDelegate.m */ = {isa = PBXFileReference; lastKnownFileType = sourcecode.c.objc; path = AppDelegate.m; sourceTree = "<group>"; };
		1004000000000000000000AA /* MainWindowController.h */ = {isa = PBXFileReference; lastKnownFileType = sourcecode.c.h; path = MainWindowController.h; sourceTree = "<group>"; };
		1005000000000000000000AA /* MainWindowController.m */ = {isa = PBXFileReference; lastKnownFileType = sourcecode.c.objc; path = MainWindowController.m; sourceTree = "<group>"; };
		1006000000000000000000AA /* ui.h */ = {isa = PBXFileReference; lastKnownFileType = sourcecode.c.h; path = ui.h; sourceTree = "<group>"; };
		1007000000000000000000AA /* ui.m */ = {isa = PBXFileReference; lastKnownFileType = sourcecode.c.objc; path = ui.m; sourceTree = "<group>"; };
		1050000000000000000000AA /* EventLogWindow.m */ = {isa = PBXFileReference; lastKnownFileType = sourcecode.c.objc; path = EventLogWindow.m; sourceTree = "<group>"; };
		1051000000000000000000AA /* EventLogWindow.h */ = {isa = PBXFileReference; lastKnownFileType = sourcecode.c.h; path = EventLogWindow.h; sourceTree = "<group>"; };
		1052000000000000000000AA /* headless.m */ = {isa = PBXFileReference; lastKnownFileType = sourcecode.c.objc; path = headless.m; sourceTree = "<group>"; };
		1053000000000000000000AA /* headless.h */ = {isa = PBXFileReference; lastKnownFileType = sourcecode.c.h; path = headless.h; sourceTree = "<group>"; };
		1019000000000000000000AA /* asb_core_mac.m */ = {isa = PBXFileReference; lastKnownFileType = sourcecode.c.objc; path = asb_core_mac.m; sourceTree = "<group>"; };
		101A000000000000000000AA /* asb_core_mac.h */ = {isa = PBXFileReference; lastKnownFileType = sourcecode.c.h; path = asb_core_mac.h; sourceTree = "<group>"; };
		1009000000000000000000AA /* host_info.h */ = {isa = PBXFileReference; lastKnownFileType = sourcecode.c.h; path = host_info.h; sourceTree = "<group>"; };
		100A000000000000000000AA /* host_info.m */ = {isa = PBXFileReference; lastKnownFileType = sourcecode.c.objc; path = host_info.m; sourceTree = "<group>"; };
		100B000000000000000000AA /* vm_dir.h */ = {isa = PBXFileReference; lastKnownFileType = sourcecode.c.h; path = vm_dir.h; sourceTree = "<group>"; };
		100C000000000000000000AA /* vm_dir.m */ = {isa = PBXFileReference; lastKnownFileType = sourcecode.c.objc; path = vm_dir.m; sourceTree = "<group>"; };
		100F000000000000000000AA /* vz_display.h */ = {isa = PBXFileReference; lastKnownFileType = sourcecode.c.h; path = vz_display.h; sourceTree = "<group>"; };
		1010000000000000000000AA /* vz_display.m */ = {isa = PBXFileReference; lastKnownFileType = sourcecode.c.objc; path = vz_display.m; sourceTree = "<group>"; };
		1013000000000000000000AA /* vz_network.h */ = {isa = PBXFileReference; lastKnownFileType = sourcecode.c.h; path = vz_network.h; sourceTree = "<group>"; };
		1014000000000000000000AA /* vz_network.m */ = {isa = PBXFileReference; lastKnownFileType = sourcecode.c.objc; path = vz_network.m; sourceTree = "<group>"; };
		1015000000000000000000AA /* vz_vm.h */ = {isa = PBXFileReference; lastKnownFileType = sourcecode.c.h; path = vz_vm.h; sourceTree = "<group>"; };
		1016000000000000000000AA /* vz_vm.m */ = {isa = PBXFileReference; lastKnownFileType = sourcecode.c.objc; path = vz_vm.m; sourceTree = "<group>"; };
		101B000000000000000000AA /* vm_agent_mac.h */ = {isa = PBXFileReference; lastKnownFileType = sourcecode.c.h; path = vm_agent_mac.h; sourceTree = "<group>"; };
		101C000000000000000000AA /* vm_agent_mac.m */ = {isa = PBXFileReference; lastKnownFileType = sourcecode.c.objc; path = vm_agent_mac.m; sourceTree = "<group>"; };
		101D000000000000000000AA /* iso_patch_mac.h */ = {isa = PBXFileReference; lastKnownFileType = sourcecode.c.h; path = iso_patch_mac.h; sourceTree = "<group>"; };
		101E000000000000000000AA /* iso_patch_mac.m */ = {isa = PBXFileReference; lastKnownFileType = sourcecode.c.objc; path = iso_patch_mac.m; sourceTree = "<group>"; };
		101F000000000000000000AA /* vm_ssh_proxy_mac.h */ = {isa = PBXFileReference; lastKnownFileType = sourcecode.c.h; path = vm_ssh_proxy_mac.h; sourceTree = "<group>"; };
		1020000000000000000000AA /* vm_ssh_proxy_mac.m */ = {isa = PBXFileReference; lastKnownFileType = sourcecode.c.objc; path = vm_ssh_proxy_mac.m; sourceTree = "<group>"; };
		1021000000000000000000AA /* vm_clipboard_mac.h */ = {isa = PBXFileReference; lastKnownFileType = sourcecode.c.h; path = vm_clipboard_mac.h; sourceTree = "<group>"; };
		1022000000000000000000AA /* vm_clipboard_mac.m */ = {isa = PBXFileReference; lastKnownFileType = sourcecode.c.objc; path = vm_clipboard_mac.m; sourceTree = "<group>"; };
		1060000000000000000000AA /* asb_ivshmem_transport.m */ = {isa = PBXFileReference; lastKnownFileType = sourcecode.c.objc; path = asb_ivshmem_transport.m; sourceTree = "<group>"; };
		1061000000000000000000AA /* asb_ivshmem_transport.h */ = {isa = PBXFileReference; lastKnownFileType = sourcecode.c.h; path = asb_ivshmem_transport.h; sourceTree = "<group>"; };
		1062000000000000000000AA /* qemu_vm.m */ = {isa = PBXFileReference; lastKnownFileType = sourcecode.c.objc; path = qemu_vm.m; sourceTree = "<group>"; };
		1063000000000000000000AA /* qemu_vm.h */ = {isa = PBXFileReference; lastKnownFileType = sourcecode.c.h; path = qemu_vm.h; sourceTree = "<group>"; };
		1064000000000000000000AA /* idd_display.m */ = {isa = PBXFileReference; lastKnownFileType = sourcecode.c.objc; path = idd_display.m; sourceTree = "<group>"; };
		1065000000000000000000AA /* idd_display.h */ = {isa = PBXFileReference; lastKnownFileType = sourcecode.c.h; path = idd_display.h; sourceTree = "<group>"; };
		1034000000000000000000DD /* com.appsandbox.clipboard.plist */ = {isa = PBXFileReference; lastKnownFileType = text.plist.xml; path = com.appsandbox.clipboard.plist; sourceTree = "<group>"; };
		1040000000000000000000EE /* appsandbox-clipboard.m */ = {isa = PBXFileReference; lastKnownFileType = sourcecode.c.objc; path = "appsandbox-clipboard.m"; sourceTree = "<group>"; };
		C040000000000000000000EE /* appsandbox-clipboard */ = {isa = PBXFileReference; explicitFileType = "compiled.mach-o.executable"; includeInIndex = 0; path = "appsandbox-clipboard"; sourceTree = BUILT_PRODUCTS_DIR; };
		1018000000000000000000AA /* asb_types.h */ = {isa = PBXFileReference; lastKnownFileType = sourcecode.c.h; path = asb_types.h; sourceTree = "<group>"; };
		1070000000000000000000AA /* protocol.h */ = {isa = PBXFileReference; lastKnownFileType = sourcecode.c.h; path = protocol.h; sourceTree = "<group>"; };
		1020000000000000000000BB /* AppSandboxCore-Info.plist */ = {isa = PBXFileReference; lastKnownFileType = text.plist.xml; path = "AppSandboxCore-Info.plist"; sourceTree = "<group>"; };
		3001000000000000000000AA /* Cocoa.framework */ = {isa = PBXFileReference; lastKnownFileType = wrapper.framework; name = Cocoa.framework; path = System/Library/Frameworks/Cocoa.framework; sourceTree = SDKROOT; };
		3016000000000000000000BB /* Carbon.framework */ = {isa = PBXFileReference; lastKnownFileType = wrapper.framework; name = Carbon.framework; path = System/Library/Frameworks/Carbon.framework; sourceTree = SDKROOT; };
		3002000000000000000000AA /* WebKit.framework */ = {isa = PBXFileReference; lastKnownFileType = wrapper.framework; name = WebKit.framework; path = System/Library/Frameworks/WebKit.framework; sourceTree = SDKROOT; };
		3003000000000000000000AA /* Virtualization.framework */ = {isa = PBXFileReference; lastKnownFileType = wrapper.framework; name = Virtualization.framework; path = System/Library/Frameworks/Virtualization.framework; sourceTree = SDKROOT; };
		3004000000000000000000AA /* Metal.framework */ = {isa = PBXFileReference; lastKnownFileType = wrapper.framework; name = Metal.framework; path = System/Library/Frameworks/Metal.framework; sourceTree = SDKROOT; };
		3005000000000000000000AA /* Security.framework */ = {isa = PBXFileReference; lastKnownFileType = wrapper.framework; name = Security.framework; path = System/Library/Frameworks/Security.framework; sourceTree = SDKROOT; };
		3006000000000000000000AA /* Foundation.framework */ = {isa = PBXFileReference; lastKnownFileType = wrapper.framework; name = Foundation.framework; path = System/Library/Frameworks/Foundation.framework; sourceTree = SDKROOT; };
		3007000000000000000000AA /* AudioToolbox.framework */ = {isa = PBXFileReference; lastKnownFileType = wrapper.framework; name = AudioToolbox.framework; path = System/Library/Frameworks/AudioToolbox.framework; sourceTree = SDKROOT; };
		1020000000000000000000CC /* iso-patch-mac.m */ = {isa = PBXFileReference; lastKnownFileType = sourcecode.c.objc; path = "iso-patch-mac.m"; sourceTree = "<group>"; };
		10E100000000000000000001 /* win_disk.c */ = {isa = PBXFileReference; lastKnownFileType = sourcecode.c.c; name = win_disk.c; path = "tools/iso-patch-mac/engine/win_disk.c"; sourceTree = SOURCE_ROOT; };
		10E100000000000000000002 /* blockio.c */ = {isa = PBXFileReference; lastKnownFileType = sourcecode.c.c; name = blockio.c; path = "tools/iso-patch-mac/engine/blockio.c"; sourceTree = SOURCE_ROOT; };
		10E100000000000000000003 /* gpt.c */ = {isa = PBXFileReference; lastKnownFileType = sourcecode.c.c; name = gpt.c; path = "tools/iso-patch-mac/engine/gpt.c"; sourceTree = SOURCE_ROOT; };
		10E100000000000000000004 /* ntfs.c */ = {isa = PBXFileReference; lastKnownFileType = sourcecode.c.c; name = ntfs.c; path = "tools/iso-patch-mac/engine/ntfs.c"; sourceTree = SOURCE_ROOT; };
		10E100000000000000000005 /* fat32.c */ = {isa = PBXFileReference; lastKnownFileType = sourcecode.c.c; name = fat32.c; path = "tools/iso-patch-mac/engine/fat32.c"; sourceTree = SOURCE_ROOT; };
		10E100000000000000000006 /* bcd_patch.c */ = {isa = PBXFileReference; lastKnownFileType = sourcecode.c.c; name = bcd_patch.c; path = "tools/iso-patch-mac/engine/bcd_patch.c"; sourceTree = SOURCE_ROOT; };
		10E100000000000000000007 /* wim.c */ = {isa = PBXFileReference; lastKnownFileType = sourcecode.c.c; name = wim.c; path = "tools/iso-patch-mac/engine/wim.c"; sourceTree = SOURCE_ROOT; };
		10E100000000000000000008 /* wimimg.c */ = {isa = PBXFileReference; lastKnownFileType = sourcecode.c.c; name = wimimg.c; path = "tools/iso-patch-mac/engine/wimimg.c"; sourceTree = SOURCE_ROOT; };
		10E100000000000000000009 /* sha1.c */ = {isa = PBXFileReference; lastKnownFileType = sourcecode.c.c; name = sha1.c; path = "tools/iso-patch-mac/engine/sha1.c"; sourceTree = SOURCE_ROOT; };
		10E10000000000000000000A /* lzx.c */ = {isa = PBXFileReference; lastKnownFileType = sourcecode.c.c; name = lzx.c; path = "tools/iso-patch-mac/engine/lzx.c"; sourceTree = SOURCE_ROOT; };
		10E10000000000000000000B /* xpress.c */ = {isa = PBXFileReference; lastKnownFileType = sourcecode.c.c; name = xpress.c; path = "tools/iso-patch-mac/engine/xpress.c"; sourceTree = SOURCE_ROOT; };
		10E10000000000000000000C /* lzms.c */ = {isa = PBXFileReference; lastKnownFileType = sourcecode.c.c; name = lzms.c; path = "tools/iso-patch-mac/engine/lzms.c"; sourceTree = SOURCE_ROOT; };
		10E10000000000000000000D /* resource.c */ = {isa = PBXFileReference; lastKnownFileType = sourcecode.c.c; name = resource.c; path = "tools/iso-patch-mac/engine/resource.c"; sourceTree = SOURCE_ROOT; };
		10E1000000000000000000C1 /* win_provision.c */ = {isa = PBXFileReference; lastKnownFileType = sourcecode.c.c; name = win_provision.c; path = "tools/provision/win_provision.c"; sourceTree = SOURCE_ROOT; };
		10E2000000000000000000D1 /* mac_account_hash.m */ = {isa = PBXFileReference; lastKnownFileType = sourcecode.c.objc; name = mac_account_hash.m; path = "tools/provision/mac_account_hash.m"; sourceTree = SOURCE_ROOT; };
		1021000000000000000000CC /* iso-patch-mac.entitlements */ = {isa = PBXFileReference; lastKnownFileType = text.plist.entitlements; path = "iso-patch-mac.entitlements"; sourceTree = "<group>"; };
		C020000000000000000000CC /* iso-patch-mac */ = {isa = PBXFileReference; explicitFileType = "compiled.mach-o.executable"; includeInIndex = 0; path = "iso-patch-mac"; sourceTree = BUILT_PRODUCTS_DIR; };
		1030000000000000000000DD /* appsandbox-agent.m */ = {isa = PBXFileReference; lastKnownFileType = sourcecode.c.objc; path = "appsandbox-agent.m"; sourceTree = "<group>"; };
		1031000000000000000000DD /* com.appsandbox.agent.plist */ = {isa = PBXFileReference; lastKnownFileType = text.plist.xml; path = com.appsandbox.agent.plist; sourceTree = "<group>"; };
		1032000000000000000000DD /* com.appsandbox.firstboot.plist */ = {isa = PBXFileReference; lastKnownFileType = text.plist.xml; path = com.appsandbox.firstboot.plist; sourceTree = "<group>"; };
		1033000000000000000000DD /* firstboot.sh */ = {isa = PBXFileReference; lastKnownFileType = text.script.sh; path = firstboot.sh; sourceTree = "<group>"; };
		C030000000000000000000DD /* appsandbox-agent */ = {isa = PBXFileReference; explicitFileType = "compiled.mach-o.executable"; includeInIndex = 0; path = "appsandbox-agent"; sourceTree = BUILT_PRODUCTS_DIR; };
		5001000000000000000000AA /* Info.plist */ = {isa = PBXFileReference; lastKnownFileType = text.plist.xml; path = Info.plist; sourceTree = "<group>"; };
		B0B0000000000000000000FF /* Local.xcconfig */ = {isa = PBXFileReference; lastKnownFileType = text.xcconfig; path = src/app_mac/xcconfig/Local.xcconfig; sourceTree = "<group>"; };
		5002000000000000000000AA /* AppSandbox.entitlements */ = {isa = PBXFileReference; lastKnownFileType = text.plist.entitlements; path = AppSandbox.entitlements; sourceTree = "<group>"; };
		5003000000000000000000AA /* web */ = {isa = PBXFileReference; lastKnownFileType = folder; path = web; sourceTree = SOURCE_ROOT; };
		5004000000000000000000AA /* Assets.xcassets */ = {isa = PBXFileReference; lastKnownFileType = folder.assetcatalog; path = Assets.xcassets; sourceTree = "<group>"; };
		C001000000000000000000AA /* AppSandbox.app */ = {isa = PBXFileReference; explicitFileType = wrapper.application; includeInIndex = 0; path = AppSandbox.app; sourceTree = BUILT_PRODUCTS_DIR; };
		C002000000000000000000BB /* AppSandboxCore.framework */ = {isa = PBXFileReference; explicitFileType = wrapper.framework; includeInIndex = 0; path = AppSandboxCore.framework; sourceTree = BUILT_PRODUCTS_DIR; };
/* End PBXFileReference section */

/* Begin PBXFrameworksBuildPhase section */
		A002000000000000000000AA /* Frameworks */ = {
			isa = PBXFrameworksBuildPhase;
			buildActionMask = 2147483647;
			files = (
				4001000000000000000000AA /* Cocoa.framework in Frameworks */,
				4002000000000000000000AA /* WebKit.framework in Frameworks */,
				4003000000000000000000AA /* Virtualization.framework in Frameworks */,
				4010000000000000000000BB /* AppSandboxCore.framework in Frameworks */,
			);
			runOnlyForDeploymentPostprocessing = 0;
		};
		A012000000000000000000BB /* Frameworks */ = {
			isa = PBXFrameworksBuildPhase;
			buildActionMask = 2147483647;
			files = (
				4011000000000000000000BB /* Cocoa.framework in Frameworks */,
				4016000000000000000000BB /* Carbon.framework in Frameworks */,
				4012000000000000000000BB /* Virtualization.framework in Frameworks */,
				4013000000000000000000BB /* Metal.framework in Frameworks */,
				4014000000000000000000BB /* Security.framework in Frameworks */,
				4015000000000000000000BB /* AudioToolbox.framework in Frameworks */,
			);
			runOnlyForDeploymentPostprocessing = 0;
		};
		A021000000000000000000CC /* Frameworks */ = {
			isa = PBXFrameworksBuildPhase;
			buildActionMask = 2147483647;
			files = (
				4020000000000000000000CC /* Foundation.framework in Frameworks */,
				4021000000000000000000CC /* Virtualization.framework in Frameworks */,
			);
			runOnlyForDeploymentPostprocessing = 0;
		};
		A031000000000000000000DD /* Frameworks */ = {
			isa = PBXFrameworksBuildPhase;
			buildActionMask = 2147483647;
			files = (
				4030000000000000000000DD /* Foundation.framework in Frameworks */,
			);
			runOnlyForDeploymentPostprocessing = 0;
		};
		A041000000000000000000EE /* Frameworks */ = {
			isa = PBXFrameworksBuildPhase;
			buildActionMask = 2147483647;
			files = (
				4040000000000000000000EE /* Foundation.framework in Frameworks */,
				4041000000000000000000EE /* Cocoa.framework in Frameworks */,
			);
			runOnlyForDeploymentPostprocessing = 0;
		};
/* End PBXFrameworksBuildPhase section */

/* Begin PBXGroup section */
		7001000000000000000000AA = {
			isa = PBXGroup;
			children = (
				B0B0000000000000000000FF /* Local.xcconfig */,
				7005000000000000000000AA /* src */,
				7019000000000000000000AA /* tools */,
				5003000000000000000000AA /* web */,
				7008000000000000000000AA /* Frameworks */,
				7009000000000000000000AA /* Products */,
			);
			sourceTree = "<group>";
		};
		7019000000000000000000AA /* tools */ = {
			isa = PBXGroup;
			children = (
				7020000000000000000000CC /* iso-patch-mac */,
				7030000000000000000000DD /* agent_mac */,
			);
			name = tools;
			sourceTree = "<group>";
		};
		7020000000000000000000CC /* iso-patch-mac */ = {
			isa = PBXGroup;
			children = (
				1020000000000000000000CC /* iso-patch-mac.m */,
				1021000000000000000000CC /* iso-patch-mac.entitlements */,
				70E1000000000000000000EE /* engine */,
			);
			name = "iso-patch-mac";
			path = "tools/iso-patch-mac";
			sourceTree = SOURCE_ROOT;
		};
		70E1000000000000000000EE /* engine */ = {
			isa = PBXGroup;
			children = (
				10E100000000000000000001 /* win_disk.c */,
				10E100000000000000000002 /* blockio.c */,
				10E100000000000000000003 /* gpt.c */,
				10E100000000000000000004 /* ntfs.c */,
				10E100000000000000000005 /* fat32.c */,
				10E100000000000000000006 /* bcd_patch.c */,
				10E100000000000000000007 /* wim.c */,
				10E100000000000000000008 /* wimimg.c */,
				10E100000000000000000009 /* sha1.c */,
				10E10000000000000000000A /* lzx.c */,
				10E10000000000000000000B /* xpress.c */,
				10E10000000000000000000C /* lzms.c */,
				10E10000000000000000000D /* resource.c */,
			);
			name = engine;
			sourceTree = "<group>";
		};
		7030000000000000000000DD /* agent_mac */ = {
			isa = PBXGroup;
			children = (
				1030000000000000000000DD /* appsandbox-agent.m */,
				1031000000000000000000DD /* com.appsandbox.agent.plist */,
				1032000000000000000000DD /* com.appsandbox.firstboot.plist */,
				1033000000000000000000DD /* firstboot.sh */,
				1034000000000000000000DD /* com.appsandbox.clipboard.plist */,
				1040000000000000000000EE /* appsandbox-clipboard.m */,
			);
			name = agent_mac;
			path = tools/agent_mac;
			sourceTree = SOURCE_ROOT;
		};
		7003000000000000000000AA /* app_mac */ = {
			isa = PBXGroup;
			children = (
				1001000000000000000000AA /* main.m */,
				1002000000000000000000AA /* AppDelegate.h */,
				1003000000000000000000AA /* AppDelegate.m */,
				1004000000000000000000AA /* MainWindowController.h */,
				1005000000000000000000AA /* MainWindowController.m */,
				1006000000000000000000AA /* ui.h */,
				1007000000000000000000AA /* ui.m */,
				1051000000000000000000AA /* EventLogWindow.h */,
				1050000000000000000000AA /* EventLogWindow.m */,
				1053000000000000000000AA /* headless.h */,
				1052000000000000000000AA /* headless.m */,
				5001000000000000000000AA /* Info.plist */,
				5002000000000000000000AA /* AppSandbox.entitlements */,
				5004000000000000000000AA /* Assets.xcassets */,
				1020000000000000000000BB /* AppSandboxCore-Info.plist */,
			);
			name = app_mac;
			path = src/app_mac;
			sourceTree = SOURCE_ROOT;
		};
		7005000000000000000000AA /* src */ = {
			isa = PBXGroup;
			children = (
				7003000000000000000000AA /* app_mac */,
				7007000000000000000000AA /* backend_mac */,
				7006000000000000000000AA /* core */,
			);
			name = src;
			sourceTree = "<group>";
		};
		7006000000000000000000AA /* core */ = {
			isa = PBXGroup;
			children = (
				1018000000000000000000AA /* asb_types.h */,
				1070000000000000000000AA /* protocol.h */,
			);
			name = core;
			path = src/core;
			sourceTree = SOURCE_ROOT;
		};
		7007000000000000000000AA /* backend_mac */ = {
			isa = PBXGroup;
			children = (
				101A000000000000000000AA /* asb_core_mac.h */,
				1019000000000000000000AA /* asb_core_mac.m */,
				1009000000000000000000AA /* host_info.h */,
				100A000000000000000000AA /* host_info.m */,
				100B000000000000000000AA /* vm_dir.h */,
				100C000000000000000000AA /* vm_dir.m */,
				100F000000000000000000AA /* vz_display.h */,
				1010000000000000000000AA /* vz_display.m */,
				1013000000000000000000AA /* vz_network.h */,
				1014000000000000000000AA /* vz_network.m */,
				1015000000000000000000AA /* vz_vm.h */,
				1016000000000000000000AA /* vz_vm.m */,
				101B000000000000000000AA /* vm_agent_mac.h */,
				101C000000000000000000AA /* vm_agent_mac.m */,
				101D000000000000000000AA /* iso_patch_mac.h */,
				101E000000000000000000AA /* iso_patch_mac.m */,
				101F000000000000000000AA /* vm_ssh_proxy_mac.h */,
				1020000000000000000000AA /* vm_ssh_proxy_mac.m */,
				1021000000000000000000AA /* vm_clipboard_mac.h */,
				1022000000000000000000AA /* vm_clipboard_mac.m */,
				1061000000000000000000AA /* asb_ivshmem_transport.h */,
				1060000000000000000000AA /* asb_ivshmem_transport.m */,
				1063000000000000000000AA /* qemu_vm.h */,
				1062000000000000000000AA /* qemu_vm.m */,
				1065000000000000000000AA /* idd_display.h */,
				1064000000000000000000AA /* idd_display.m */,
			);
			name = backend_mac;
			path = src/backend_mac;
			sourceTree = SOURCE_ROOT;
		};
		7008000000000000000000AA /* Frameworks */ = {
			isa = PBXGroup;
			children = (
				3001000000000000000000AA /* Cocoa.framework */,
				3016000000000000000000BB /* Carbon.framework */,
				3002000000000000000000AA /* WebKit.framework */,
				3003000000000000000000AA /* Virtualization.framework */,
				3004000000000000000000AA /* Metal.framework */,
				3005000000000000000000AA /* Security.framework */,
				3006000000000000000000AA /* Foundation.framework */,
				3007000000000000000000AA /* AudioToolbox.framework */,
			);
			name = Frameworks;
			sourceTree = "<group>";
		};
		7009000000000000000000AA /* Products */ = {
			isa = PBXGroup;
			children = (
				C001000000000000000000AA /* AppSandbox.app */,
				C002000000000000000000BB /* AppSandboxCore.framework */,
				C020000000000000000000CC /* iso-patch-mac */,
				C030000000000000000000DD /* appsandbox-agent */,
				C040000000000000000000EE /* appsandbox-clipboard */,
			);
			name = Products;
			sourceTree = "<group>";
		};
/* End PBXGroup section */

/* Begin PBXHeadersBuildPhase section */
		A010000000000000000000BB /* Headers */ = {
			isa = PBXHeadersBuildPhase;
			buildActionMask = 2147483647;
			files = (
				6012000000000000000000BB /* asb_types.h in Headers */,
			);
			runOnlyForDeploymentPostprocessing = 0;
		};
/* End PBXHeadersBuildPhase section */

/* Begin PBXNativeTarget section */
		8003000000000000000000AA /* AppSandbox */ = {
			isa = PBXNativeTarget;
			buildConfigurationList = 8002000000000000000000AA /* Build configuration list for PBXNativeTarget "AppSandbox" */;
			buildPhases = (
				A007000000000000000000AA /* Mark bin/ as clean-safe */,
				A001000000000000000000AA /* Sources */,
				A002000000000000000000AA /* Frameworks */,
				A003000000000000000000AA /* Resources */,
				A004000000000000000000BB /* Embed Frameworks */,
				A022000000000000000000CC /* Embed iso-patch-mac */,
				A032000000000000000000DD /* Embed agent_mac */,
				A014000000000000000000CC /* Embed QEMU */,
				A008000000000000000000AA /* Stamp version */,
			);
			buildRules = (
			);
			dependencies = (
				D001000000000000000000BB /* PBXTargetDependency */,
				E020000000000000000000CC /* PBXTargetDependency */,
				E030000000000000000000DD /* PBXTargetDependency */,
				E040000000000000000000EE /* PBXTargetDependency */,
			);
			name = AppSandbox;
			productName = AppSandbox;
			productReference = C001000000000000000000AA /* AppSandbox.app */;
			productType = "com.apple.product-type.application";
		};
		8020000000000000000000CC /* iso-patch-mac */ = {
			isa = PBXNativeTarget;
			buildConfigurationList = 8022000000000000000000CC /* Build configuration list for PBXNativeTarget "iso-patch-mac" */;
			buildPhases = (
				A020000000000000000000CC /* Sources */,
				A021000000000000000000CC /* Frameworks */,
			);
			buildRules = (
			);
			dependencies = (
			);
			name = "iso-patch-mac";
			productName = "iso-patch-mac";
			productReference = C020000000000000000000CC /* iso-patch-mac */;
			productType = "com.apple.product-type.tool";
		};
		8030000000000000000000DD /* appsandbox-agent */ = {
			isa = PBXNativeTarget;
			buildConfigurationList = 8032000000000000000000DD /* Build configuration list for PBXNativeTarget "appsandbox-agent" */;
			buildPhases = (
				A030000000000000000000DD /* Sources */,
				A031000000000000000000DD /* Frameworks */,
			);
			buildRules = (
			);
			dependencies = (
			);
			name = "appsandbox-agent";
			productName = "appsandbox-agent";
			productReference = C030000000000000000000DD /* appsandbox-agent */;
			productType = "com.apple.product-type.tool";
		};
		8040000000000000000000EE /* appsandbox-clipboard */ = {
			isa = PBXNativeTarget;
			buildConfigurationList = 8042000000000000000000EE /* Build configuration list for PBXNativeTarget "appsandbox-clipboard" */;
			buildPhases = (
				A040000000000000000000EE /* Sources */,
				A041000000000000000000EE /* Frameworks */,
			);
			buildRules = (
			);
			dependencies = (
			);
			name = "appsandbox-clipboard";
			productName = "appsandbox-clipboard";
			productReference = C040000000000000000000EE /* appsandbox-clipboard */;
			productType = "com.apple.product-type.tool";
		};
		8010000000000000000000BB /* AppSandboxCore */ = {
			isa = PBXNativeTarget;
			buildConfigurationList = 8011000000000000000000BB /* Build configuration list for PBXNativeTarget "AppSandboxCore" */;
			buildPhases = (
				A010000000000000000000BB /* Headers */,
				A011000000000000000000BB /* Sources */,
				A012000000000000000000BB /* Frameworks */,
				A013000000000000000000BB /* Stamp version */,
			);
			buildRules = (
			);
			dependencies = (
			);
			name = AppSandboxCore;
			productName = AppSandboxCore;
			productReference = C002000000000000000000BB /* AppSandboxCore.framework */;
			productType = "com.apple.product-type.framework";
		};
/* End PBXNativeTarget section */

/* Begin PBXProject section */
		B001000000000000000000AA /* Project object */ = {
			isa = PBXProject;
			attributes = {
				BuildIndependentTargetsInParallel = YES;
				LastUpgradeCheck = 1500;
				TargetAttributes = {
					8003000000000000000000AA = {
						CreatedOnToolsVersion = 15.0;
					};
					8010000000000000000000BB = {
						CreatedOnToolsVersion = 15.0;
					};
					8020000000000000000000CC = {
						CreatedOnToolsVersion = 15.0;
					};
					8030000000000000000000DD = {
						CreatedOnToolsVersion = 15.0;
					};
					8040000000000000000000EE = {
						CreatedOnToolsVersion = 15.0;
					};
				};
			};
			buildConfigurationList = 8001000000000000000000AA /* Build configuration list for PBXProject "AppSandbox" */;
			compatibilityVersion = "Xcode 14.0";
			developmentRegion = en;
			hasScannedForEncodings = 0;
			knownRegions = (
				en,
				Base,
			);
			mainGroup = 7001000000000000000000AA;
			productRefGroup = 7009000000000000000000AA /* Products */;
			projectDirPath = "";
			projectRoot = "";
			targets = (
				8003000000000000000000AA /* AppSandbox */,
				8010000000000000000000BB /* AppSandboxCore */,
				8020000000000000000000CC /* iso-patch-mac */,
				8030000000000000000000DD /* appsandbox-agent */,
				8040000000000000000000EE /* appsandbox-clipboard */,
			);
		};
/* End PBXProject section */

/* Begin PBXShellScriptBuildPhase section */
		A007000000000000000000AA /* Mark bin/ as clean-safe */ = {
			isa = PBXShellScriptBuildPhase;
			alwaysOutOfDate = 1;
			buildActionMask = 2147483647;
			files = (
			);
			inputFileListPaths = (
			);
			inputPaths = (
			);
			name = "Mark bin/ as clean-safe";
			outputFileListPaths = (
			);
			outputPaths = (
			);
			runOnlyForDeploymentPostprocessing = 0;
			shellPath = /bin/sh;
			shellScript = "# Xcode's clean only deletes directories it created itself (marked\n# with com.apple.xcode.CreatedByBuildSystem). Since SYMROOT=$SRCROOT/bin\n# is a source-tree path that may pre-exist, we tag it here so Product >\n# Clean Build Folder can remove it cleanly.\nif [ -d \"$SYMROOT\" ]; then\n  xattr -w com.apple.xcode.CreatedByBuildSystem true \"$SYMROOT\" 2>/dev/null || true\nfi\n";
		};
		A008000000000000000000AA /* Stamp version */ = {
			isa = PBXShellScriptBuildPhase;
			alwaysOutOfDate = 1;
			buildActionMask = 2147483647;
			files = (
			);
			inputPaths = (
			);
			name = "Stamp version from Directory.Build.props";
			outputPaths = (
			);
			runOnlyForDeploymentPostprocessing = 0;
			shellPath = /bin/sh;
			shellScript = "\"${SRCROOT}/tools/sign/stamp-version.sh\"\n";
		};
		A014000000000000000000CC /* Embed QEMU */ = {
			isa = PBXShellScriptBuildPhase;
			alwaysOutOfDate = 1;
			buildActionMask = 2147483647;
			files = (
			);
			inputPaths = (
			);
			name = "Embed QEMU (vendored qemu + EDK2)";
			outputPaths = (
			);
			runOnlyForDeploymentPostprocessing = 0;
			shellPath = /bin/sh;
			shellScript = "bash $SRCROOT/vendor/qemu-ivshmem/embed-into-bundle.sh\n";
		};
		A013000000000000000000BB /* Stamp version */ = {
			isa = PBXShellScriptBuildPhase;
			alwaysOutOfDate = 1;
			buildActionMask = 2147483647;
			files = (
			);
			inputPaths = (
			);
			name = "Stamp version from Directory.Build.props";
			outputPaths = (
			);
			runOnlyForDeploymentPostprocessing = 0;
			shellPath = /bin/sh;
			shellScript = "\"${SRCROOT}/tools/sign/stamp-version.sh\"\n";
		};
/* End PBXShellScriptBuildPhase section */

/* Begin PBXResourcesBuildPhase section */
		A003000000000000000000AA /* Resources */ = {
			isa = PBXResourcesBuildPhase;
			buildActionMask = 2147483647;
			files = (
				6003000000000000000000AA /* web in Resources */,
				6004000000000000000000AA /* Assets.xcassets in Resources */,
			);
			runOnlyForDeploymentPostprocessing = 0;
		};
/* End PBXResourcesBuildPhase section */

/* Begin PBXSourcesBuildPhase section */
		A001000000000000000000AA /* Sources */ = {
			isa = PBXSourcesBuildPhase;
			buildActionMask = 2147483647;
			files = (
				2001000000000000000000AA /* main.m in Sources */,
				2003000000000000000000AA /* AppDelegate.m in Sources */,
				2005000000000000000000AA /* MainWindowController.m in Sources */,
				2007000000000000000000AA /* ui.m in Sources */,
				2008000000000000000000AA /* EventLogWindow.m in Sources */,
				2009000000000000000000AA /* headless.m in Sources */,
			);
			runOnlyForDeploymentPostprocessing = 0;
		};
		A011000000000000000000BB /* Sources */ = {
			isa = PBXSourcesBuildPhase;
			buildActionMask = 2147483647;
			files = (
				2028000000000000000000BB /* asb_core_mac.m in Sources */,
				2021000000000000000000BB /* host_info.m in Sources */,
				2022000000000000000000BB /* vm_dir.m in Sources */,
				2024000000000000000000BB /* vz_display.m in Sources */,
				2026000000000000000000BB /* vz_network.m in Sources */,
				2027000000000000000000BB /* vz_vm.m in Sources */,
				2029000000000000000000BB /* vm_agent_mac.m in Sources */,
				2030000000000000000000BB /* iso_patch_mac.m in Sources */,
				20E1000000000000000000C2 /* win_provision.c in Sources */,
				20E2000000000000000000D2 /* mac_account_hash.m in Sources */,
				2031000000000000000000BB /* vm_ssh_proxy_mac.m in Sources */,
				2032000000000000000000BB /* vm_clipboard_mac.m in Sources */,
				2060000000000000000000BB /* asb_ivshmem_transport.m in Sources */,
				2061000000000000000000BB /* qemu_vm.m in Sources */,
				2064000000000000000000BB /* idd_display.m in Sources */,
			);
			runOnlyForDeploymentPostprocessing = 0;
		};
		A020000000000000000000CC /* Sources */ = {
			isa = PBXSourcesBuildPhase;
			buildActionMask = 2147483647;
			files = (
				2020000000000000000000CC /* iso-patch-mac.m in Sources */,
				20E100000000000000000001 /* win_disk.c in Sources */,
				20E100000000000000000002 /* blockio.c in Sources */,
				20E100000000000000000003 /* gpt.c in Sources */,
				20E100000000000000000004 /* ntfs.c in Sources */,
				20E100000000000000000005 /* fat32.c in Sources */,
				20E100000000000000000006 /* bcd_patch.c in Sources */,
				20E100000000000000000007 /* wim.c in Sources */,
				20E100000000000000000008 /* wimimg.c in Sources */,
				20E100000000000000000009 /* sha1.c in Sources */,
				20E10000000000000000000A /* lzx.c in Sources */,
				20E10000000000000000000B /* xpress.c in Sources */,
				20E10000000000000000000C /* lzms.c in Sources */,
				20E10000000000000000000D /* resource.c in Sources */,
				20E1000000000000000000C1 /* win_provision.c in Sources */,
				20E2000000000000000000D1 /* mac_account_hash.m in Sources */,
			);
			runOnlyForDeploymentPostprocessing = 0;
		};
		A030000000000000000000DD /* Sources */ = {
			isa = PBXSourcesBuildPhase;
			buildActionMask = 2147483647;
			files = (
				2030000000000000000000DD /* appsandbox-agent.m in Sources */,
			);
			runOnlyForDeploymentPostprocessing = 0;
		};
		A040000000000000000000EE /* Sources */ = {
			isa = PBXSourcesBuildPhase;
			buildActionMask = 2147483647;
			files = (
				2040000000000000000000EE /* appsandbox-clipboard.m in Sources */,
			);
			runOnlyForDeploymentPostprocessing = 0;
		};
/* End PBXSourcesBuildPhase section */

/* Begin PBXTargetDependency section */
		D001000000000000000000BB /* PBXTargetDependency */ = {
			isa = PBXTargetDependency;
			target = 8010000000000000000000BB /* AppSandboxCore */;
			targetProxy = D002000000000000000000BB /* PBXContainerItemProxy */;
		};
		E020000000000000000000CC /* PBXTargetDependency */ = {
			isa = PBXTargetDependency;
			target = 8020000000000000000000CC /* iso-patch-mac */;
			targetProxy = D020000000000000000000CC /* PBXContainerItemProxy */;
		};
		E030000000000000000000DD /* PBXTargetDependency */ = {
			isa = PBXTargetDependency;
			target = 8030000000000000000000DD /* appsandbox-agent */;
			targetProxy = D030000000000000000000DD /* PBXContainerItemProxy */;
		};
		E040000000000000000000EE /* PBXTargetDependency */ = {
			isa = PBXTargetDependency;
			target = 8040000000000000000000EE /* appsandbox-clipboard */;
			targetProxy = D040000000000000000000EE /* PBXContainerItemProxy */;
		};
/* End PBXTargetDependency section */

/* Begin XCBuildConfiguration section */
		/* Project-level Debug */
		9001000000000000000000AA /* Debug */ = {
			isa = XCBuildConfiguration;
			baseConfigurationReference = B0B0000000000000000000FF /* Local.xcconfig */;
			buildSettings = {
				ALWAYS_SEARCH_USER_PATHS = NO;
				CLANG_ANALYZER_NONNULL = YES;
				CLANG_ANALYZER_NUMBER_OBJECT_CONVERSION = YES_AGGRESSIVE;
				CLANG_CXX_LANGUAGE_STANDARD = "gnu++17";
				CLANG_ENABLE_MODULES = YES;
				CLANG_ENABLE_OBJC_ARC = YES;
				CLANG_ENABLE_OBJC_WEAK = YES;
				CLANG_WARN_BLOCK_CAPTURE_AUTORELEASING = YES;
				CLANG_WARN_BOOL_CONVERSION = YES;
				CLANG_WARN_COMMA = YES;
				CLANG_WARN_CONSTANT_CONVERSION = YES;
				CLANG_WARN_DEPRECATED_OBJC_IMPLEMENTATIONS = YES;
				CLANG_WARN_DIRECT_OBJC_ISA_USAGE = YES_ERROR;
				CLANG_WARN_DOCUMENTATION_COMMENTS = YES;
				CLANG_WARN_EMPTY_BODY = YES;
				CLANG_WARN_ENUM_CONVERSION = YES;
				CLANG_WARN_INFINITE_RECURSION = YES;
				CLANG_WARN_INT_CONVERSION = YES;
				CLANG_WARN_NON_LITERAL_NULL_CONVERSION = YES;
				CLANG_WARN_OBJC_IMPLICIT_RETAIN_SELF = YES;
				CLANG_WARN_OBJC_LITERAL_CONVERSION = YES;
				CLANG_WARN_OBJC_ROOT_CLASS = YES_ERROR;
				CLANG_WARN_RANGE_LOOP_ANALYSIS = YES;
				CLANG_WARN_STRICT_PROTOTYPES = YES;
				CLANG_WARN_SUSPICIOUS_MOVE = YES;
				CLANG_WARN_UNGUARDED_AVAILABILITY = YES_AGGRESSIVE;
				CLANG_WARN_UNREACHABLE_CODE = YES;
				CLANG_WARN__DUPLICATE_METHOD_MATCH = YES;
				COPY_PHASE_STRIP = NO;
				DEBUG_INFORMATION_FORMAT = dwarf;
				ENABLE_STRICT_OBJC_MSGSEND = YES;
				ENABLE_TESTABILITY = YES;
				GCC_C_LANGUAGE_STANDARD = gnu17;
				GCC_DYNAMIC_NO_PIC = NO;
				GCC_NO_COMMON_BLOCKS = YES;
				GCC_OPTIMIZATION_LEVEL = 0;
				GCC_PREPROCESSOR_DEFINITIONS = (
					"DEBUG=1",
					"$(inherited)",
				);
				GCC_WARN_64_TO_32_BIT_CONVERSION = YES;
				GCC_WARN_ABOUT_RETURN_TYPE = YES_ERROR;
				GCC_WARN_UNDECLARED_SELECTOR = YES;
				GCC_WARN_UNINITIALIZED_AUTOS = YES_AGGRESSIVE;
				GCC_WARN_UNUSED_FUNCTION = YES;
				GCC_WARN_UNUSED_VARIABLE = YES;
				MACOSX_DEPLOYMENT_TARGET = 26.0;
				MTL_ENABLE_DEBUG_INFO = INCLUDE_SOURCE;
				MTL_FAST_MATH = YES;
				OBJROOT = "$(SRCROOT)/bin/Intermediates.noindex";
				ONLY_ACTIVE_ARCH = YES;
				SDKROOT = macosx;
				SYMROOT = "$(SRCROOT)/bin";
			};
			name = Debug;
		};
		/* Project-level Release */
		9002000000000000000000AA /* Release */ = {
			isa = XCBuildConfiguration;
			baseConfigurationReference = B0B0000000000000000000FF /* Local.xcconfig */;
			buildSettings = {
				ALWAYS_SEARCH_USER_PATHS = NO;
				CLANG_ANALYZER_NONNULL = YES;
				CLANG_ANALYZER_NUMBER_OBJECT_CONVERSION = YES_AGGRESSIVE;
				CLANG_CXX_LANGUAGE_STANDARD = "gnu++17";
				CLANG_ENABLE_MODULES = YES;
				CLANG_ENABLE_OBJC_ARC = YES;
				CLANG_ENABLE_OBJC_WEAK = YES;
				CLANG_WARN_BLOCK_CAPTURE_AUTORELEASING = YES;
				CLANG_WARN_BOOL_CONVERSION = YES;
				CLANG_WARN_COMMA = YES;
				CLANG_WARN_CONSTANT_CONVERSION = YES;
				CLANG_WARN_DEPRECATED_OBJC_IMPLEMENTATIONS = YES;
				CLANG_WARN_DIRECT_OBJC_ISA_USAGE = YES_ERROR;
				CLANG_WARN_DOCUMENTATION_COMMENTS = YES;
				CLANG_WARN_EMPTY_BODY = YES;
				CLANG_WARN_ENUM_CONVERSION = YES;
				CLANG_WARN_INFINITE_RECURSION = YES;
				CLANG_WARN_INT_CONVERSION = YES;
				CLANG_WARN_NON_LITERAL_NULL_CONVERSION = YES;
				CLANG_WARN_OBJC_IMPLICIT_RETAIN_SELF = YES;
				CLANG_WARN_OBJC_LITERAL_CONVERSION = YES;
				CLANG_WARN_OBJC_ROOT_CLASS = YES_ERROR;
				CLANG_WARN_RANGE_LOOP_ANALYSIS = YES;
				CLANG_WARN_STRICT_PROTOTYPES = YES;
				CLANG_WARN_SUSPICIOUS_MOVE = YES;
				CLANG_WARN_UNGUARDED_AVAILABILITY = YES_AGGRESSIVE;
				CLANG_WARN_UNREACHABLE_CODE = YES;
				CLANG_WARN__DUPLICATE_METHOD_MATCH = YES;
				COPY_PHASE_STRIP = NO;
				DEBUG_INFORMATION_FORMAT = "dwarf-with-dsym";
				ENABLE_NS_ASSERTIONS = NO;
				ENABLE_STRICT_OBJC_MSGSEND = YES;
				GCC_C_LANGUAGE_STANDARD = gnu17;
				GCC_NO_COMMON_BLOCKS = YES;
				GCC_WARN_64_TO_32_BIT_CONVERSION = YES;
				GCC_WARN_ABOUT_RETURN_TYPE = YES_ERROR;
				GCC_WARN_UNDECLARED_SELECTOR = YES;
				GCC_WARN_UNINITIALIZED_AUTOS = YES_AGGRESSIVE;
				GCC_WARN_UNUSED_FUNCTION = YES;
				GCC_WARN_UNUSED_VARIABLE = YES;
				MACOSX_DEPLOYMENT_TARGET = 26.0;
				MTL_ENABLE_DEBUG_INFO = NO;
				MTL_FAST_MATH = YES;
				OBJROOT = "$(SRCROOT)/bin/Intermediates.noindex";
				ONLY_ACTIVE_ARCH = YES;
				OTHER_CODE_SIGN_FLAGS = "--timestamp";
				CODE_SIGN_INJECT_BASE_ENTITLEMENTS = NO;
				SDKROOT = macosx;
				SYMROOT = "$(SRCROOT)/bin";
			};
			name = Release;
		};
		/* AppSandbox (app) target — Debug */
		9003000000000000000000AA /* Debug */ = {
			isa = XCBuildConfiguration;
			baseConfigurationReference = B0B0000000000000000000FF /* Local.xcconfig */;
			buildSettings = {
				ASSETCATALOG_COMPILER_APPICON_NAME = AppIcon;
				CODE_SIGN_ENTITLEMENTS = src/app_mac/AppSandbox.entitlements;
				COMBINE_HIDPI_IMAGES = YES;
				GENERATE_INFOPLIST_FILE = NO;
				HEADER_SEARCH_PATHS = (
					"$(SRCROOT)/src",
					"$(SRCROOT)/src/core",
					"$(SRCROOT)/src/app_mac",
					"$(SRCROOT)/src/backend_mac",
				);
				INFOPLIST_FILE = src/app_mac/Info.plist;
				INSTALL_PATH = "$(LOCAL_APPS_DIR)";
				LD_RUNPATH_SEARCH_PATHS = (
					"$(inherited)",
					"@executable_path/../Frameworks",
				);
				PRODUCT_BUNDLE_IDENTIFIER = com.appsandbox.AppSandbox;
				PRODUCT_NAME = "$(TARGET_NAME)";
			};
			name = Debug;
		};
		/* AppSandbox (app) target — Release */
		9004000000000000000000AA /* Release */ = {
			isa = XCBuildConfiguration;
			baseConfigurationReference = B0B0000000000000000000FF /* Local.xcconfig */;
			buildSettings = {
				ASSETCATALOG_COMPILER_APPICON_NAME = AppIcon;
				CODE_SIGN_ENTITLEMENTS = src/app_mac/AppSandbox.entitlements;
				COMBINE_HIDPI_IMAGES = YES;
				GENERATE_INFOPLIST_FILE = NO;
				HEADER_SEARCH_PATHS = (
					"$(SRCROOT)/src",
					"$(SRCROOT)/src/core",
					"$(SRCROOT)/src/app_mac",
					"$(SRCROOT)/src/backend_mac",
				);
				INFOPLIST_FILE = src/app_mac/Info.plist;
				INSTALL_PATH = "$(LOCAL_APPS_DIR)";
				LD_RUNPATH_SEARCH_PATHS = (
					"$(inherited)",
					"@executable_path/../Frameworks",
				);
				PRODUCT_BUNDLE_IDENTIFIER = com.appsandbox.AppSandbox;
				PRODUCT_NAME = "$(TARGET_NAME)";
			};
			name = Release;
		};
		/* AppSandboxCore (framework) target — Debug */
		9010000000000000000000BB /* Debug */ = {
			isa = XCBuildConfiguration;
			baseConfigurationReference = B0B0000000000000000000FF /* Local.xcconfig */;
			buildSettings = {
				DEFINES_MODULE = NO;
				DYLIB_COMPATIBILITY_VERSION = 1;
				DYLIB_CURRENT_VERSION = 1;
				DYLIB_INSTALL_NAME_BASE = "@rpath";
				GCC_SYMBOLS_PRIVATE_EXTERN = NO;
				HEADER_SEARCH_PATHS = (
					"$(SRCROOT)/src",
					"$(SRCROOT)/src/core",
					"$(SRCROOT)/src/backend_mac",
				);
				INFOPLIST_FILE = "src/app_mac/AppSandboxCore-Info.plist";
				INSTALL_PATH = "$(LOCAL_LIBRARY_DIR)/Frameworks";
				PRODUCT_BUNDLE_IDENTIFIER = com.appsandbox.AppSandboxCore;
				PRODUCT_NAME = "$(TARGET_NAME)";
				SKIP_INSTALL = YES;
			};
			name = Debug;
		};
		/* AppSandboxCore (framework) target — Release */
		9011000000000000000000BB /* Release */ = {
			isa = XCBuildConfiguration;
			baseConfigurationReference = B0B0000000000000000000FF /* Local.xcconfig */;
			buildSettings = {
				DEFINES_MODULE = NO;
				DYLIB_COMPATIBILITY_VERSION = 1;
				DYLIB_CURRENT_VERSION = 1;
				DYLIB_INSTALL_NAME_BASE = "@rpath";
				GCC_SYMBOLS_PRIVATE_EXTERN = NO;
				HEADER_SEARCH_PATHS = (
					"$(SRCROOT)/src",
					"$(SRCROOT)/src/core",
					"$(SRCROOT)/src/backend_mac",
				);
				INFOPLIST_FILE = "src/app_mac/AppSandboxCore-Info.plist";
				INSTALL_PATH = "$(LOCAL_LIBRARY_DIR)/Frameworks";
				PRODUCT_BUNDLE_IDENTIFIER = com.appsandbox.AppSandboxCore;
				PRODUCT_NAME = "$(TARGET_NAME)";
				SKIP_INSTALL = YES;
			};
			name = Release;
		};
		/* iso-patch-mac CLI — Debug */
		9020000000000000000000CC /* Debug */ = {
			isa = XCBuildConfiguration;
			baseConfigurationReference = B0B0000000000000000000FF /* Local.xcconfig */;
			buildSettings = {
				ARCHS = arm64;
				CODE_SIGN_ENTITLEMENTS = "tools/iso-patch-mac/iso-patch-mac.entitlements";
				CODE_SIGNING_ALLOWED = YES;
				MACOSX_DEPLOYMENT_TARGET = 26.0;
				ONLY_ACTIVE_ARCH = NO;
				PRODUCT_BUNDLE_IDENTIFIER = "com.appsandbox.iso-patch-mac";
				PRODUCT_NAME = "iso-patch-mac";
				SKIP_INSTALL = YES;
			};
			name = Debug;
		};
		/* iso-patch-mac CLI — Release */
		9021000000000000000000CC /* Release */ = {
			isa = XCBuildConfiguration;
			baseConfigurationReference = B0B0000000000000000000FF /* Local.xcconfig */;
			buildSettings = {
				ARCHS = arm64;
				CODE_SIGN_ENTITLEMENTS = "tools/iso-patch-mac/iso-patch-mac.entitlements";
				CODE_SIGNING_ALLOWED = YES;
				MACOSX_DEPLOYMENT_TARGET = 26.0;
				ONLY_ACTIVE_ARCH = NO;
				PRODUCT_BUNDLE_IDENTIFIER = "com.appsandbox.iso-patch-mac";
				PRODUCT_NAME = "iso-patch-mac";
				SKIP_INSTALL = YES;
			};
			name = Release;
		};
		/* appsandbox-agent CLI — Debug (guest-bound, arm64 only) */
		9030000000000000000000DD /* Debug */ = {
			isa = XCBuildConfiguration;
			baseConfigurationReference = B0B0000000000000000000FF /* Local.xcconfig */;
			buildSettings = {
				ARCHS = arm64;
				CODE_SIGNING_ALLOWED = YES;
				MACOSX_DEPLOYMENT_TARGET = 13.0;
				ONLY_ACTIVE_ARCH = NO;
				PRODUCT_BUNDLE_IDENTIFIER = "com.appsandbox.appsandbox-agent";
				PRODUCT_NAME = "appsandbox-agent";
				SKIP_INSTALL = YES;
			};
			name = Debug;
		};
		/* appsandbox-agent CLI — Release */
		9031000000000000000000DD /* Release */ = {
			isa = XCBuildConfiguration;
			baseConfigurationReference = B0B0000000000000000000FF /* Local.xcconfig */;
			buildSettings = {
				ARCHS = arm64;
				CODE_SIGNING_ALLOWED = YES;
				MACOSX_DEPLOYMENT_TARGET = 13.0;
				ONLY_ACTIVE_ARCH = NO;
				PRODUCT_BUNDLE_IDENTIFIER = "com.appsandbox.appsandbox-agent";
				PRODUCT_NAME = "appsandbox-agent";
				SKIP_INSTALL = YES;
			};
			name = Release;
		};
		/* appsandbox-clipboard CLI (guest-bound, arm64 only) — Debug */
		9040000000000000000000EE /* Debug */ = {
			isa = XCBuildConfiguration;
			baseConfigurationReference = B0B0000000000000000000FF /* Local.xcconfig */;
			buildSettings = {
				ARCHS = arm64;
				CODE_SIGNING_ALLOWED = YES;
				MACOSX_DEPLOYMENT_TARGET = 13.0;
				ONLY_ACTIVE_ARCH = NO;
				PRODUCT_BUNDLE_IDENTIFIER = "com.appsandbox.appsandbox-clipboard";
				PRODUCT_NAME = "appsandbox-clipboard";
				SKIP_INSTALL = YES;
			};
			name = Debug;
		};
		9041000000000000000000EE /* Release */ = {
			isa = XCBuildConfiguration;
			baseConfigurationReference = B0B0000000000000000000FF /* Local.xcconfig */;
			buildSettings = {
				ARCHS = arm64;
				CODE_SIGNING_ALLOWED = YES;
				MACOSX_DEPLOYMENT_TARGET = 13.0;
				ONLY_ACTIVE_ARCH = NO;
				PRODUCT_BUNDLE_IDENTIFIER = "com.appsandbox.appsandbox-clipboard";
				PRODUCT_NAME = "appsandbox-clipboard";
				SKIP_INSTALL = YES;
			};
			name = Release;
		};
/* End XCBuildConfiguration section */

/* Begin XCConfigurationList section */
		8001000000000000000000AA /* Build configuration list for PBXProject "AppSandbox" */ = {
			isa = XCConfigurationList;
			buildConfigurations = (
				9001000000000000000000AA /* Debug */,
				9002000000000000000000AA /* Release */,
			);
			defaultConfigurationIsVisible = 0;
			defaultConfigurationName = Release;
		};
		8002000000000000000000AA /* Build configuration list for PBXNativeTarget "AppSandbox" */ = {
			isa = XCConfigurationList;
			buildConfigurations = (
				9003000000000000000000AA /* Debug */,
				9004000000000000000000AA /* Release */,
			);
			defaultConfigurationIsVisible = 0;
			defaultConfigurationName = Release;
		};
		8011000000000000000000BB /* Build configuration list for PBXNativeTarget "AppSandboxCore" */ = {
			isa = XCConfigurationList;
			buildConfigurations = (
				9010000000000000000000BB /* Debug */,
				9011000000000000000000BB /* Release */,
			);
			defaultConfigurationIsVisible = 0;
			defaultConfigurationName = Release;
		};
		8022000000000000000000CC /* Build configuration list for PBXNativeTarget "iso-patch-mac" */ = {
			isa = XCConfigurationList;
			buildConfigurations = (
				9020000000000000000000CC /* Debug */,
				9021000000000000000000CC /* Release */,
			);
			defaultConfigurationIsVisible = 0;
			defaultConfigurationName = Release;
		};
		8032000000000000000000DD /* Build configuration list for PBXNativeTarget "appsandbox-agent" */ = {
			isa = XCConfigurationList;
			buildConfigurations = (
				9030000000000000000000DD /* Debug */,
				9031000000000000000000DD /* Release */,
			);
			defaultConfigurationIsVisible = 0;
			defaultConfigurationName = Release;
		};
		8042000000000000000000EE /* Build configuration list for PBXNativeTarget "appsandbox-clipboard" */ = {
			isa = XCConfigurationList;
			buildConfigurations = (
				9040000000000000000000EE /* Debug */,
				9041000000000000000000EE /* Release */,
			);
			defaultConfigurationIsVisible = 0;
			defaultConfigurationName = Release;
		};
/* End XCConfigurationList section */
	};
	rootObject = B001000000000000000000AA /* Project object */;
}
